<?xml version="1.0" encoding="utf-8"?>
<Project ToolsVersion="4.0" xmlns="http://schemas.microsoft.com/developer/msbuild/2003">
  <ItemGroup>
    <Filter Include="Source Files">
      <UniqueIdentifier>{4FC737F1-C7A5-4376-A066-2A32D752A2FF}</UniqueIdentifier>
      <Extensions>cpp;c;cxx;def;odl;idl;hpj;bat;asm;asmx</Extensions>
    </Filter>
    <Filter Include="Header Files">
      <UniqueIdentifier>{93995380-89BD-4b04-88EB-625FBE52EBFB}</UniqueIdentifier>
      <Extensions>h;hpp;hxx;hm;inl;inc;xsd</Extensions>
    </Filter>
    <Filter Include="Resource Files">
      <UniqueIdentifier>{67DA6AB6-F800-4c08-8B7A-83BB121AAD01}</UniqueIdentifier>
      <Extensions>rc;ico;cur;bmp;dlg;rc2;rct;bin;rgs;gif;jpg;jpeg;jpe;resx</Extensions>
    </Filter>
  </ItemGroup>
  <ItemGroup>
    <ClCompile Include="CAdmin.cpp">
      <Filter>Source Files</Filter>
    </ClCompile>
    <ClCompile Include="CAdminEdit.cpp">
      <Filter>Source Files</Filter>
    </ClCompile>
    <ClCompile Include="CBuilding.cpp">
      <Filter>Source Files</Filter>
    </ClCompile>
    <ClCompile Include="CBullet.cpp">
      <Filter>Source Files</Filter>
    </ClCompile>
    <ClCompile Include="CCollision.cpp">
      <Filter>Source Files</Filter>
    </ClCompile>
    <ClCompile Include="CDDraw.cpp">
      <Filter>Source Files</Filter>
    </ClCompile>
    <ClCompile Include="CDialog.cpp">
      <Filter>Source Files</Filter>
    </ClCompile>
    <ClCompile Include="CDrawing.cpp">
      <Filter>Source Files</Filter>
    </ClCompile>
    <ClCompile Include="CEngine.cpp">
      <Filter>Source Files</Filter>
    </ClCompile>
    <ClCompile Include="CExplode.cpp">
      <Filter>Source Files</Filter>
    </ClCompile>
    <ClCompile Include="CGame.cpp">
      <Filter>Source Files</Filter>
    </ClCompile>
    <ClCompile Include="CHelp.cpp">
      <Filter>Source Files</Filter>
    </ClCompile>
    <ClCompile Include="CInGame.cpp">
      <Filter>Source Files</Filter>
    </ClCompile>
    <ClCompile Include="CInput.cpp">
      <Filter>Source Files</Filter>
    </ClCompile>
    <ClCompile Include="CInterview.cpp">
      <Filter>Source Files</Filter>
    </ClCompile>
    <ClCompile Include="CItem.cpp">
      <Filter>Source Files</Filter>
    </ClCompile>
    <ClCompile Include="CLogin.cpp">
      <Filter>Source Files</Filter>
    </ClCompile>
    <ClCompile Include="CManage.cpp">
      <Filter>Source Files</Filter>
    </ClCompile>
    <ClCompile Include="CMap.cpp">
      <Filter>Source Files</Filter>
    </ClCompile>
    <ClCompile Include="CMeeting.cpp">
      <Filter>Source Files</Filter>
    </ClCompile>
    <ClCompile Include="CNew.cpp">
      <Filter>Source Files</Filter>
    </ClCompile>
    <ClCompile Include="COptions.cpp">
      <Filter>Source Files</Filter>
    </ClCompile>
    <ClCompile Include="CPersonality.cpp">
      <Filter>Source Files</Filter>
    </ClCompile>
    <ClCompile Include="CPersonnel.cpp">
      <Filter>Source Files</Filter>
    </ClCompile>
    <ClCompile Include="CPlayer.cpp">
      <Filter>Source Files</Filter>
    </ClCompile>
    <ClCompile Include="CProcess.cpp">
      <Filter>Source Files</Filter>
    </ClCompile>
    <ClCompile Include="CRecover.cpp">
      <Filter>Source Files</Filter>
    </ClCompile>
    <ClCompile Include="CSend.cpp">
      <Filter>Source Files</Filter>
    </ClCompile>
    <ClCompile Include="CSound.cpp">
      <Filter>Source Files</Filter>
    </ClCompile>
    <ClCompile Include="CTimer.cpp">
      <Filter>Source Files</Filter>
    </ClCompile>
    <ClCompile Include="CWinsock.cpp">
      <Filter>Source Files</Filter>
    </ClCompile>
    <ClCompile Include="DDUtil.cpp">
      <Filter>Source Files</Filter>
    </ClCompile>
    <ClCompile Include="Main.cpp">
      <Filter>Source Files</Filter>
    </ClCompile>
    <ClCompile Include="SHA1.cpp">
      <Filter>Source Files</Filter>
    </ClCompile>
    <ClCompile Include="Structs.cpp">
      <Filter>Source Files</Filter>
    </ClCompile>
    <ClCompile Include="CConnectionManager.cpp">
      <Filter>Source Files</Filter>
    </ClCompile>
  </ItemGroup>
  <ItemGroup>
    <ClInclude Include="CAdmin.h">
      <Filter>Header Files</Filter>
    </ClInclude>
    <ClInclude Include="CAdminEdit.h">
      <Filter>Header Files</Filter>
    </ClInclude>
    <ClInclude Include="CBuilding.h">
      <Filter>Header Files</Filter>
    </ClInclude>
    <ClInclude Include="CBullet.h">
      <Filter>Header Files</Filter>
    </ClInclude>
    <ClInclude Include="CCollision.h">
      <Filter>Header Files</Filter>
    </ClInclude>
    <ClInclude Include="CDDraw.h">
      <Filter>Header Files</Filter>
    </ClInclude>
    <ClInclude Include="CDialog.h">
      <Filter>Header Files</Filter>
    </ClInclude>
    <ClInclude Include="CDrawing.h">
      <Filter>Header Files</Filter>
    </ClInclude>
    <ClInclude Include="CEngine.h">
      <Filter>Header Files</Filter>
    </ClInclude>
    <ClInclude Include="CExplode.h">
      <Filter>Header Files</Filter>
    </ClInclude>
    <ClInclude Include="CGame.h">
      <Filter>Header Files</Filter>
    </ClInclude>
    <ClInclude Include="CHelp.h">
      <Filter>Header Files</Filter>
    </ClInclude>
    <ClInclude Include="CInGame.h">
      <Filter>Header Files</Filter>
    </ClInclude>
    <ClInclude Include="CInput.h">
      <Filter>Header Files</Filter>
    </ClInclude>
    <ClInclude Include="CInterview.h">
      <Filter>Header Files</Filter>
    </ClInclude>
    <ClInclude Include="CItem.h">
      <Filter>Header Files</Filter>
    </ClInclude>
    <ClInclude Include="CLogin.h">
      <Filter>Header Files</Filter>
    </ClInclude>
    <ClInclude Include="CManage.h">
      <Filter>Header Files</Filter>
    </ClInclude>
    <ClInclude Include="CMap.h">
      <Filter>Header Files</Filter>
    </ClInclude>
    <ClInclude Include="CMeeting.h">
      <Filter>Header Files</Filter>
    </ClInclude>
    <ClInclude Include="CNew.h">
      <Filter>Header Files</Filter>
    </ClInclude>
    <ClInclude Include="COptions.h">
      <Filter>Header Files</Filter>
    </ClInclude>
    <ClInclude Include="CPersonality.h">
      <Filter>Header Files</Filter>
    </ClInclude>
    <ClInclude Include="CPersonnel.h">
      <Filter>Header Files</Filter>
    </ClInclude>
    <ClInclude Include="CPlayer.h">
      <Filter>Header Files</Filter>
    </ClInclude>
    <ClInclude Include="CProcess.h">
      <Filter>Header Files</Filter>
    </ClInclude>
    <ClInclude Include="CRecover.h">
      <Filter>Header Files</Filter>
    </ClInclude>
    <ClInclude Include="CSend.h">
      <Filter>Header Files</Filter>
    </ClInclude>
    <ClInclude Include="CSound.h">
      <Filter>Header Files</Filter>
    </ClInclude>
    <ClInclude Include="CTimer.h">
      <Filter>Header Files</Filter>
    </ClInclude>
    <ClInclude Include="CWinsock.h">
      <Filter>Header Files</Filter>
    </ClInclude>
    <ClInclude Include="ddraw.h">
      <Filter>Header Files</Filter>
    </ClInclude>
    <ClInclude Include="DDUtil.h">
      <Filter>Header Files</Filter>
    </ClInclude>
    <ClInclude Include="NetMessages.h">
      <Filter>Header Files</Filter>
    </ClInclude>
    <ClInclude Include="resource.h">
      <Filter>Header Files</Filter>
    </ClInclude>
    <ClInclude Include="SHA1.h">
      <Filter>Header Files</Filter>
    </ClInclude>
    <ClInclude Include="Structs.h">
      <Filter>Header Files</Filter>
    </ClInclude>
    <ClInclude Include="CConnectionManager.h">
      <Filter>Header Files</Filter>
    </ClInclude>
  </ItemGroup>
  <ItemGroup>
    <ResourceCompile Include="BattleCityClient.rc">
      <Filter>Resource Files</Filter>
    </ResourceCompile>
  </ItemGroup>
  <ItemGroup>
    <None Include="img\BC.ico">
      <Filter>Resource Files</Filter>
    </None>
    <None Include="BC.ico">
      <Filter>Resource Files</Filter>
    </None>
  </ItemGroup>
</Project>