
Microsoft Visual Studio Solution File, Format Version 11.00
# Visual Studio 2010
Project("{8BC9CEB8-8B4A-11D0-8D11-00A0C91BC942}") = "bc-client", "client\bc-client.vcxproj", "{89681387-4F3C-4977-BFF1-30EB955E6E95}"
EndProject
Project("{8BC9CEB8-8B4A-11D0-8D11-00A0C91BC942}") = "bc-server", "server\bc-server.vcxproj", "{ED4752A4-A1FC-4E85-8FB0-E4D88BEE4CF3}"
EndProject
Global
	GlobalSection(SolutionConfigurationPlatforms) = preSolution
		Debug|Win32 = Debug|Win32
		Release|Win32 = Release|Win32
	EndGlobalSection
	GlobalSection(ProjectConfigurationPlatforms) = postSolution
		{89681387-4F3C-4977-BFF1-30EB955E6E95}.Debug|Win32.ActiveCfg = Debug|Win32
		{89681387-4F3C-4977-BFF1-30EB955E6E95}.Debug|Win32.Build.0 = Debug|Win32
		{89681387-4F3C-4977-BFF1-30EB955E6E95}.Release|Win32.ActiveCfg = Release|Win32
		{89681387-4F3C-4977-BFF1-30EB955E6E95}.Release|Win32.Build.0 = Release|Win32
		{ED4752A4-A1FC-4E85-8FB0-E4D88BEE4CF3}.Debug|Win32.ActiveCfg = Debug|Win32
		{ED4752A4-A1FC-4E85-8FB0-E4D88BEE4CF3}.Debug|Win32.Build.0 = Debug|Win32
		{ED4752A4-A1FC-4E85-8FB0-E4D88BEE4CF3}.Release|Win32.ActiveCfg = Release|Win32
		{ED4752A4-A1FC-4E85-8FB0-E4D88BEE4CF3}.Release|Win32.Build.0 = Release|Win32
	EndGlobalSection
	GlobalSection(SolutionProperties) = preSolution
		HideSolutionNode = FALSE
	EndGlobalSection
EndGlobal
